
Microsoft Visual Studio Solution File, Format Version 12.00
# Visual Studio 15
VisualStudioVersion = 15.0.28307.902
MinimumVisualStudioVersion = 10.0.40219.1
Project("{FAE04EC0-301F-11D3-BF4B-00C04F79EFBC}") = "Chicken", "Chicken\Chicken.csproj", "{CFA74DB7-AD77-43BD-8613-6DA46402FB2D}"
EndProject
Project("{FAE04EC0-301F-11D3-BF4B-00C04F79EFBC}") = "AI", "AI\AI.csproj", "{4D10B322-26CD-498F-AD79-44AB53606EE8}"
EndProject
Global
	GlobalSection(SolutionConfigurationPlatforms) = preSolution
		Debug|Any CPU = Debug|Any CPU
		Release|Any CPU = Release|Any CPU
	EndGlobalSection
	GlobalSection(ProjectConfigurationPlatforms) = postSolution
		{CFA74DB7-AD77-43BD-8613-6DA46402FB2D}.Debug|Any CPU.ActiveCfg = Debug|Any CPU
		{CFA74DB7-AD77-43BD-8613-6DA46402FB2D}.Debug|Any CPU.Build.0 = Debug|Any CPU
		{CFA74DB7-AD77-43BD-8613-6DA46402FB2D}.Release|Any CPU.ActiveCfg = Release|Any CPU
		{CFA74DB7-AD77-43BD-8613-6DA46402FB2D}.Release|Any CPU.Build.0 = Release|Any CPU
		{4D10B322-26CD-498F-AD79-44AB53606EE8}.Debug|Any CPU.ActiveCfg = Debug|Any CPU
		{4D10B322-26CD-498F-AD79-44AB53606EE8}.Debug|Any CPU.Build.0 = Debug|Any CPU
		{4D10B322-26CD-498F-AD79-44AB53606EE8}.Release|Any CPU.ActiveCfg = Release|Any CPU
		{4D10B322-26CD-498F-AD79-44AB53606EE8}.Release|Any CPU.Build.0 = Release|Any CPU
	EndGlobalSection
	GlobalSection(SolutionProperties) = preSolution
		HideSolutionNode = FALSE
	EndGlobalSection
	GlobalSection(ExtensibilityGlobals) = postSolution
		SolutionGuid = {D2B0D499-5313-47D7-AF41-02F2FA446A90}
	EndGlobalSection
EndGlobal
